
Microsoft Visual Studio Solution File, Format Version 12.00
# Visual Studio Version 16
VisualStudioVersion = 16.0.29519.181
MinimumVisualStudioVersion = 10.0.40219.1
Project("{9A19103F-16F7-4668-BE54-9A1E7A4F7556}") = "UserSettingsManagerTests", "UserSettingsManagerTests\UserSettingsManagerTests.csproj", "{0D333563-50F2-44B1-92D3-A290E820A495}"
EndProject
Project("{9A19103F-16F7-4668-BE54-9A1E7A4F7556}") = "UserSettingsManager", "UserSettingsManager\UserSettingsManager.csproj", "{17B56374-1D7B-4FC2-83D2-20D303318D2B}"
EndProject
Global
	GlobalSection(SolutionConfigurationPlatforms) = preSolution
		Debug|Any CPU = Debug|Any CPU
		Release|Any CPU = Release|Any CPU
	EndGlobalSection
	GlobalSection(ProjectConfigurationPlatforms) = postSolution
		{0D333563-50F2-44B1-92D3-A290E820A495}.Debug|Any CPU.ActiveCfg = Debug|Any CPU
		{0D333563-50F2-44B1-92D3-A290E820A495}.Debug|Any CPU.Build.0 = Debug|Any CPU
		{0D333563-50F2-44B1-92D3-A290E820A495}.Release|Any CPU.ActiveCfg = Release|Any CPU
		{0D333563-50F2-44B1-92D3-A290E820A495}.Release|Any CPU.Build.0 = Release|Any CPU
		{17B56374-1D7B-4FC2-83D2-20D303318D2B}.Debug|Any CPU.ActiveCfg = Debug|Any CPU
		{17B56374-1D7B-4FC2-83D2-20D303318D2B}.Debug|Any CPU.Build.0 = Debug|Any CPU
		{17B56374-1D7B-4FC2-83D2-20D303318D2B}.Release|Any CPU.ActiveCfg = Release|Any CPU
		{17B56374-1D7B-4FC2-83D2-20D303318D2B}.Release|Any CPU.Build.0 = Release|Any CPU
	EndGlobalSection
	GlobalSection(SolutionProperties) = preSolution
		HideSolutionNode = FALSE
	EndGlobalSection
	GlobalSection(ExtensibilityGlobals) = postSolution
		SolutionGuid = {FDC111B8-4A79-4F8F-9349-816045E7E64B}
	EndGlobalSection
EndGlobal
